
Microsoft Visual Studio Solution File, Format Version 12.00
# Visual Studio 15
VisualStudioVersion = 15.0.27703.2047
MinimumVisualStudioVersion = 10.0.40219.1
Project("{888888A0-9F3D-457C-B088-3A5042F75D52}") = "04byRabbitmq", "04byRabbitmq.pyproj", "{9C54463F-59E6-4D39-96BA-C67F76D91666}"
EndProject
Global
	GlobalSection(SolutionConfigurationPlatforms) = preSolution
		Debug|Any CPU = Debug|Any CPU
		Release|Any CPU = Release|Any CPU
	EndGlobalSection
	GlobalSection(ProjectConfigurationPlatforms) = postSolution
		{9C54463F-59E6-4D39-96BA-C67F76D91666}.Debug|Any CPU.ActiveCfg = Debug|Any CPU
		{9C54463F-59E6-4D39-96BA-C67F76D91666}.Release|Any CPU.ActiveCfg = Release|Any CPU
	EndGlobalSection
	GlobalSection(SolutionProperties) = preSolution
		HideSolutionNode = FALSE
	EndGlobalSection
	GlobalSection(ExtensibilityGlobals) = postSolution
		SolutionGuid = {81BD5836-A1AB-48A0-95FE-2313039E30A8}
	EndGlobalSection
EndGlobal
